
Microsoft Visual Studio Solution File, Format Version 12.00
# Visual Studio Version 17
VisualStudioVersion = 17.10.34916.146
MinimumVisualStudioVersion = 10.0.40219.1
Project("{8BC9CEB8-8B4A-11D0-8D11-00A0C91BC942}") = "openended1", "openended1.vcxproj", "{E4D8FF1A-8F02-4632-B5A3-FA0926685365}"
EndProject
Global
	GlobalSection(SolutionConfigurationPlatforms) = preSolution
		Debug|x64 = Debug|x64
		Debug|x86 = Debug|x86
		Release|x64 = Release|x64
		Release|x86 = Release|x86
	EndGlobalSection
	GlobalSection(ProjectConfigurationPlatforms) = postSolution
		{E4D8FF1A-8F02-4632-B5A3-FA0926685365}.Debug|x64.ActiveCfg = Debug|x64
		{E4D8FF1A-8F02-4632-B5A3-FA0926685365}.Debug|x64.Build.0 = Debug|x64
		{E4D8FF1A-8F02-4632-B5A3-FA0926685365}.Debug|x86.ActiveCfg = Debug|Win32
		{E4D8FF1A-8F02-4632-B5A3-FA0926685365}.Debug|x86.Build.0 = Debug|Win32
		{E4D8FF1A-8F02-4632-B5A3-FA0926685365}.Release|x64.ActiveCfg = Release|x64
		{E4D8FF1A-8F02-4632-B5A3-FA0926685365}.Release|x64.Build.0 = Release|x64
		{E4D8FF1A-8F02-4632-B5A3-FA0926685365}.Release|x86.ActiveCfg = Release|Win32
		{E4D8FF1A-8F02-4632-B5A3-FA0926685365}.Release|x86.Build.0 = Release|Win32
	EndGlobalSection
	GlobalSection(SolutionProperties) = preSolution
		HideSolutionNode = FALSE
	EndGlobalSection
	GlobalSection(ExtensibilityGlobals) = postSolution
		SolutionGuid = {37AC60F8-785F-4BBD-8B77-7B67EA9218D6}
	EndGlobalSection
EndGlobal
